// !$*UTF8*$!
{
	archiveVersion = 1;
	classes = {
	};
	objectVersion = 50;
	objects = {

/* Begin PBXBuildFile section */
		FE391FA2243DCC3E00815386 /* AppDelegate.swift in Sources */ = {isa = PBXBuildFile; fileRef = FE391FA1243DCC3E00815386 /* AppDelegate.swift */; };
		FE391FA4243DCC3E00815386 /* SceneDelegate.swift in Sources */ = {isa = PBXBuildFile; fileRef = FE391FA3243DCC3E00815386 /* SceneDelegate.swift */; };
		FE391FA6243DCC3E00815386 /* ViewController.swift in Sources */ = {isa = PBXBuildFile; fileRef = FE391FA5243DCC3E00815386 /* ViewController.swift */; };
		FE391FA9243DCC3E00815386 /* Main.storyboard in Resources */ = {isa = PBXBuildFile; fileRef = FE391FA7243DCC3E00815386 /* Main.storyboard */; };
		FE391FAB243DCC4000815386 /* Assets.xcassets in Resources */ = {isa = PBXBuildFile; fileRef = FE391FAA243DCC4000815386 /* Assets.xcassets */; };
		FE391FAE243DCC4000815386 /* LaunchScreen.storyboard in Resources */ = {isa = PBXBuildFile; fileRef = FE391FAC243DCC4000815386 /* LaunchScreen.storyboard */; };
/* End PBXBuildFile section */

/* Begin PBXFileReference section */
		FE391F9E243DCC3E00815386 /* PAV La Rochelle.app */ = {isa = PBXFileReference; explicitFileType = wrapper.application; includeInIndex = 0; path = "PAV La Rochelle.app"; sourceTree = BUILT_PRODUCTS_DIR; };
		FE391FA1243DCC3E00815386 /* AppDelegate.swift */ = {isa = PBXFileReference; lastKnownFileType = sourcecode.swift; path = AppDelegate.swift; sourceTree = "<group>"; };
		FE391FA3243DCC3E00815386 /* SceneDelegate.swift */ = {isa = PBXFileReference; lastKnownFileType = sourcecode.swift; path = SceneDelegate.swift; sourceTree = "<group>"; };
		FE391FA5243DCC3E00815386 /* ViewController.swift */ = {isa = PBXFileReference; lastKnownFileType = sourcecode.swift; path = ViewController.swift; sourceTree = "<group>"; };
		FE391FA8243DCC3E00815386 /* Base */ = {isa = PBXFileReference; lastKnownFileType = file.storyboard; name = Base; path = Base.lproj/Main.storyboard; sourceTree = "<group>"; };
		FE391FAA243DCC4000815386 /* Assets.xcassets */ = {isa = PBXFileReference; lastKnownFileType = folder.assetcatalog; path = Assets.xcassets; sourceTree = "<group>"; };
		FE391FAD243DCC4000815386 /* Base */ = {isa = PBXFileReference; lastKnownFileType = file.storyboard; name = Base; path = Base.lproj/LaunchScreen.storyboard; sourceTree = "<group>"; };
		FE391FAF243DCC4000815386 /* Info.plist */ = {isa = PBXFileReference; lastKnownFileType = text.plist.xml; path = Info.plist; sourceTree = "<group>"; };
/* End PBXFileReference section */

/* Begin PBXFrameworksBuildPhase section */
		FE391F9B243DCC3E00815386 /* Frameworks */ = {
			isa = PBXFrameworksBuildPhase;
			buildActionMask = 2147483647;
			files = (
			);
			runOnlyForDeploymentPostprocessing = 0;
		};
/* End PBXFrameworksBuildPhase section */

/* Begin PBXGroup section */
		FE391F95243DCC3E00815386 = {
			isa = PBXGroup;
			children = (
				FE391FA0243DCC3E00815386 /* PAV La Rochelle */,
				FE391F9F243DCC3E00815386 /* Products */,
			);
			sourceTree = "<group>";
		};
		FE391F9F243DCC3E00815386 /* Products */ = {
			isa = PBXGroup;
			children = (
				FE391F9E243DCC3E00815386 /* PAV La Rochelle.app */,
			);
			name = Products;
			sourceTree = "<group>";
		};
		FE391FA0243DCC3E00815386 /* PAV La Rochelle */ = {
			isa = PBXGroup;
			children = (
				FE391FA1243DCC3E00815386 /* AppDelegate.swift */,
				FE391FA3243DCC3E00815386 /* SceneDelegate.swift */,
				FE391FA5243DCC3E00815386 /* ViewController.swift */,
				FE391FA7243DCC3E00815386 /* Main.storyboard */,
				FE391FAA243DCC4000815386 /* Assets.xcassets */,
				FE391FAC243DCC4000815386 /* LaunchScreen.storyboard */,
				FE391FAF243DCC4000815386 /* Info.plist */,
			);
			path = "PAV La Rochelle";
			sourceTree = "<group>";
		};
/* End PBXGroup section */

/* Begin PBXNativeTarget section */
		FE391F9D243DCC3E00815386 /* PAV La Rochelle */ = {
			isa = PBXNativeTarget;
			buildConfigurationList = FE391FB2243DCC4000815386 /* Build configuration list for PBXNativeTarget "PAV La Rochelle" */;
			buildPhases = (
				FE391F9A243DCC3E00815386 /* Sources */,
				FE391F9B243DCC3E00815386 /* Frameworks */,
				FE391F9C243DCC3E00815386 /* Resources */,
			);
			buildRules = (
			);
			dependencies = (
			);
			name = "PAV La Rochelle";
			productName = "PAV La Rochelle";
			productReference = FE391F9E243DCC3E00815386 /* PAV La Rochelle.app */;
			productType = "com.apple.product-type.application";
		};
/* End PBXNativeTarget section */

/* Begin PBXProject section */
		FE391F96243DCC3E00815386 /* Project object */ = {
			isa = PBXProject;
			attributes = {
				LastSwiftUpdateCheck = 1140;
				LastUpgradeCheck = 1140;
				ORGANIZATIONNAME = BaoConseil;
				TargetAttributes = {
					FE391F9D243DCC3E00815386 = {
						CreatedOnToolsVersion = 11.4;
					};
				};
			};
			buildConfigurationList = FE391F99243DCC3E00815386 /* Build configuration list for PBXProject "PAV La Rochelle" */;
			compatibilityVersion = "Xcode 9.3";
			developmentRegion = en;
			hasScannedForEncodings = 0;
			knownRegions = (
				en,
				Base,
			);
			mainGroup = FE391F95243DCC3E00815386;
			productRefGroup = FE391F9F243DCC3E00815386 /* Products */;
			projectDirPath = "";
			projectRoot = "";
			targets = (
				FE391F9D243DCC3E00815386 /* PAV La Rochelle */,
			);
		};
/* End PBXProject section */

/* Begin PBXResourcesBuildPhase section */
		FE391F9C243DCC3E00815386 /* Resources */ = {
			isa = PBXResourcesBuildPhase;
			buildActionMask = 2147483647;
			files = (
				FE391FAE243DCC4000815386 /* LaunchScreen.storyboard in Resources */,
				FE391FAB243DCC4000815386 /* Assets.xcassets in Resources */,
				FE391FA9243DCC3E00815386 /* Main.storyboard in Resources */,
			);
			runOnlyForDeploymentPostprocessing = 0;
		};
/* End PBXResourcesBuildPhase section */

/* Begin PBXSourcesBuildPhase section */
		FE391F9A243DCC3E00815386 /* Sources */ = {
			isa = PBXSourcesBuildPhase;
			buildActionMask = 2147483647;
			files = (
				FE391FA6243DCC3E00815386 /* ViewController.swift in Sources */,
				FE391FA2243DCC3E00815386 /* AppDelegate.swift in Sources */,
				FE391FA4243DCC3E00815386 /* SceneDelegate.swift in Sources */,
			);
			runOnlyForDeploymentPostprocessing = 0;
		};
/* End PBXSourcesBuildPhase section */

/* Begin PBXVariantGroup section */
		FE391FA7243DCC3E00815386 /* Main.storyboard */ = {
			isa = PBXVariantGroup;
			children = (
				FE391FA8243DCC3E00815386 /* Base */,
			);
			name = Main.storyboard;
			sourceTree = "<group>";
		};
		FE391FAC243DCC4000815386 /* LaunchScreen.storyboard */ = {
			isa = PBXVariantGroup;
			children = (
				FE391FAD243DCC4000815386 /* Base */,
			);
			name = LaunchScreen.storyboard;
			sourceTree = "<group>";
		};
/* End PBXVariantGroup section */

/* Begin XCBuildConfiguration section */
		FE391FB0243DCC4000815386 /* Debug */ = {
			isa = XCBuildConfiguration;
			buildSettings = {
				ALWAYS_SEARCH_USER_PATHS = NO;
				CLANG_ANALYZER_NONNULL = YES;
				CLANG_ANALYZER_NUMBER_OBJECT_CONVERSION = YES_AGGRESSIVE;
				CLANG_CXX_LANGUAGE_STANDARD = "gnu++14";
				CLANG_CXX_LIBRARY = "libc++";
				CLANG_ENABLE_MODULES = YES;
				CLANG_ENABLE_OBJC_ARC = YES;
				CLANG_ENABLE_OBJC_WEAK = YES;
				CLANG_WARN_BLOCK_CAPTURE_AUTORELEASING = YES;
				CLANG_WARN_BOOL_CONVERSION = YES;
				CLANG_WARN_COMMA = YES;
				CLANG_WARN_CONSTANT_CONVERSION = YES;
				CLANG_WARN_DEPRECATED_OBJC_IMPLEMENTATIONS = YES;
				CLANG_WARN_DIRECT_OBJC_ISA_USAGE = YES_ERROR;
				CLANG_WARN_DOCUMENTATION_COMMENTS = YES;
				CLANG_WARN_EMPTY_BODY = YES;
				CLANG_WARN_ENUM_CONVERSION = YES;
				CLANG_WARN_INFINITE_RECURSION = YES;
				CLANG_WARN_INT_CONVERSION = YES;
				CLANG_WARN_NON_LITERAL_NULL_CONVERSION = YES;
				CLANG_WARN_OBJC_IMPLICIT_RETAIN_SELF = YES;
				CLANG_WARN_OBJC_LITERAL_CONVERSION = YES;
				CLANG_WARN_OBJC_ROOT_CLASS = YES_ERROR;
				CLANG_WARN_RANGE_LOOP_ANALYSIS = YES;
				CLANG_WARN_STRICT_PROTOTYPES = YES;
				CLANG_WARN_SUSPICIOUS_MOVE = YES;
				CLANG_WARN_UNGUARDED_AVAILABILITY = YES_AGGRESSIVE;
				CLANG_WARN_UNREACHABLE_CODE = YES;
				CLANG_WARN__DUPLICATE_METHOD_MATCH = YES;
				COPY_PHASE_STRIP = NO;
				DEBUG_INFORMATION_FORMAT = dwarf;
				ENABLE_STRICT_OBJC_MSGSEND = YES;
				ENABLE_TESTABILITY = YES;
				GCC_C_LANGUAGE_STANDARD = gnu11;
				GCC_DYNAMIC_NO_PIC = NO;
				GCC_NO_COMMON_BLOCKS = YES;
				GCC_OPTIMIZATION_LEVEL = 0;
				GCC_PREPROCESSOR_DEFINITIONS = (
					"DEBUG=1",
					"$(inherited)",
				);
				GCC_WARN_64_TO_32_BIT_CONVERSION = YES;
				GCC_WARN_ABOUT_RETURN_TYPE = YES_ERROR;
				GCC_WARN_UNDECLARED_SELECTOR = YES;
				GCC_WARN_UNINITIALIZED_AUTOS = YES_AGGRESSIVE;
				GCC_WARN_UNUSED_FUNCTION = YES;
				GCC_WARN_UNUSED_VARIABLE = YES;
				IPHONEOS_DEPLOYMENT_TARGET = 13.4;
				MTL_ENABLE_DEBUG_INFO = INCLUDE_SOURCE;
				MTL_FAST_MATH = YES;
				ONLY_ACTIVE_ARCH = YES;
				SDKROOT = iphoneos;
				SWIFT_ACTIVE_COMPILATION_CONDITIONS = DEBUG;
				SWIFT_OPTIMIZATION_LEVEL = "-Onone";
			};
			name = Debug;
		};
		FE391FB1243DCC4000815386 /* Release */ = {
			isa = XCBuildConfiguration;
			buildSettings = {
				ALWAYS_SEARCH_USER_PATHS = NO;
				CLANG_ANALYZER_NONNULL = YES;
				CLANG_ANALYZER_NUMBER_OBJECT_CONVERSION = YES_AGGRESSIVE;
				CLANG_CXX_LANGUAGE_STANDARD = "gnu++14";
				CLANG_CXX_LIBRARY = "libc++";
				CLANG_ENABLE_MODULES = YES;
				CLANG_ENABLE_OBJC_ARC = YES;
				CLANG_ENABLE_OBJC_WEAK = YES;
				CLANG_WARN_BLOCK_CAPTURE_AUTORELEASING = YES;
				CLANG_WARN_BOOL_CONVERSION = YES;
				CLANG_WARN_COMMA = YES;
				CLANG_WARN_CONSTANT_CONVERSION = YES;
				CLANG_WARN_DEPRECATED_OBJC_IMPLEMENTATIONS = YES;
				CLANG_WARN_DIRECT_OBJC_ISA_USAGE = YES_ERROR;
				CLANG_WARN_DOCUMENTATION_COMMENTS = YES;
				CLANG_WARN_EMPTY_BODY = YES;
				CLANG_WARN_ENUM_CONVERSION = YES;
				CLANG_WARN_INFINITE_RECURSION = YES;
				CLANG_WARN_INT_CONVERSION = YES;
				CLANG_WARN_NON_LITERAL_NULL_CONVERSION = YES;
				CLANG_WARN_OBJC_IMPLICIT_RETAIN_SELF = YES;
				CLANG_WARN_OBJC_LITERAL_CONVERSION = YES;
				CLANG_WARN_OBJC_ROOT_CLASS = YES_ERROR;
				CLANG_WARN_RANGE_LOOP_ANALYSIS = YES;
				CLANG_WARN_STRICT_PROTOTYPES = YES;
				CLANG_WARN_SUSPICIOUS_MOVE = YES;
				CLANG_WARN_UNGUARDED_AVAILABILITY = YES_AGGRESSIVE;
				CLANG_WARN_UNREACHABLE_CODE = YES;
				CLANG_WARN__DUPLICATE_METHOD_MATCH = YES;
				COPY_PHASE_STRIP = NO;
				DEBUG_INFORMATION_FORMAT = "dwarf-with-dsym";
				ENABLE_NS_ASSERTIONS = NO;
				ENABLE_STRICT_OBJC_MSGSEND = YES;
				GCC_C_LANGUAGE_STANDARD = gnu11;
				GCC_NO_COMMON_BLOCKS = YES;
				GCC_WARN_64_TO_32_BIT_CONVERSION = YES;
				GCC_WARN_ABOUT_RETURN_TYPE = YES_ERROR;
				GCC_WARN_UNDECLARED_SELECTOR = YES;
				GCC_WARN_UNINITIALIZED_AUTOS = YES_AGGRESSIVE;
				GCC_WARN_UNUSED_FUNCTION = YES;
				GCC_WARN_UNUSED_VARIABLE = YES;
				IPHONEOS_DEPLOYMENT_TARGET = 13.4;
				MTL_ENABLE_DEBUG_INFO = NO;
				MTL_FAST_MATH = YES;
				SDKROOT = iphoneos;
				SWIFT_COMPILATION_MODE = wholemodule;
				SWIFT_OPTIMIZATION_LEVEL = "-O";
				VALIDATE_PRODUCT = YES;
			};
			name = Release;
		};
		FE391FB3243DCC4000815386 /* Debug */ = {
			isa = XCBuildConfiguration;
			buildSettings = {
				ASSETCATALOG_COMPILER_APPICON_NAME = AppIcon;
				CODE_SIGN_STYLE = Automatic;
				DEVELOPMENT_TEAM = J3PW8932NP;
				INFOPLIST_FILE = "PAV La Rochelle/Info.plist";
				LD_RUNPATH_SEARCH_PATHS = (
					"$(inherited)",
					"@executable_path/Frameworks",
				);
				PRODUCT_BUNDLE_IDENTIFIER = "fr.baocode.PAV-La-Rochelle";
				PRODUCT_NAME = "$(TARGET_NAME)";
				SWIFT_VERSION = 5.0;
				TARGETED_DEVICE_FAMILY = "1,2";
			};
			name = Debug;
		};
		FE391FB4243DCC4000815386 /* Release */ = {
			isa = XCBuildConfiguration;
			buildSettings = {
				ASSETCATALOG_COMPILER_APPICON_NAME = AppIcon;
				CODE_SIGN_STYLE = Automatic;
				DEVELOPMENT_TEAM = J3PW8932NP;
				INFOPLIST_FILE = "PAV La Rochelle/Info.plist";
				LD_RUNPATH_SEARCH_PATHS = (
					"$(inherited)",
					"@executable_path/Frameworks",
				);
				PRODUCT_BUNDLE_IDENTIFIER = "fr.baocode.PAV-La-Rochelle";
				PRODUCT_NAME = "$(TARGET_NAME)";
				SWIFT_VERSION = 5.0;
				TARGETED_DEVICE_FAMILY = "1,2";
			};
			name = Release;
		};
/* End XCBuildConfiguration section */

/* Begin XCConfigurationList section */
		FE391F99243DCC3E00815386 /* Build configuration list for PBXProject "PAV La Rochelle" */ = {
			isa = XCConfigurationList;
			buildConfigurations = (
				FE391FB0243DCC4000815386 /* Debug */,
				FE391FB1243DCC4000815386 /* Release */,
			);
			defaultConfigurationIsVisible = 0;
			defaultConfigurationName = Release;
		};
		FE391FB2243DCC4000815386 /* Build configuration list for PBXNativeTarget "PAV La Rochelle" */ = {
			isa = XCConfigurationList;
			buildConfigurations = (
				FE391FB3243DCC4000815386 /* Debug */,
				FE391FB4243DCC4000815386 /* Release */,
			);
			defaultConfigurationIsVisible = 0;
			defaultConfigurationName = Release;
		};
/* End XCConfigurationList section */
	};
	rootObject = FE391F96243DCC3E00815386 /* Project object */;
}
